
Microsoft Visual Studio Solution File, Format Version 12.00
# Visual Studio Version 17
VisualStudioVersion = 17.9.34723.18
MinimumVisualStudioVersion = 10.0.40219.1
Project("{9A19103F-16F7-4668-BE54-9A1E7A4F7556}") = "BlazorApp4", "BlazorApp4.csproj", "{D2F0FEF6-6F47-41B3-9366-392AB5BCD418}"
EndProject
Project("{FAE04EC0-301F-11D3-BF4B-00C04F79EFBC}") = "ClassLibrary1", "..\ClassLibrary1\ClassLibrary1.csproj", "{BC68955B-9A5D-430B-A63E-79A4F82058E6}"
EndProject
Project("{FAE04EC0-301F-11D3-BF4B-00C04F79EFBC}") = "EmployeMagement.Api", "..\EmployeMagement.Api\EmployeMagement.Api.csproj", "{83BE6561-3C52-459A-ABA1-DF7A76555DAD}"
EndProject
Global
	GlobalSection(SolutionConfigurationPlatforms) = preSolution
		Debug|Any CPU = Debug|Any CPU
		Release|Any CPU = Release|Any CPU
	EndGlobalSection
	GlobalSection(ProjectConfigurationPlatforms) = postSolution
		{D2F0FEF6-6F47-41B3-9366-392AB5BCD418}.Debug|Any CPU.ActiveCfg = Debug|Any CPU
		{D2F0FEF6-6F47-41B3-9366-392AB5BCD418}.Debug|Any CPU.Build.0 = Debug|Any CPU
		{D2F0FEF6-6F47-41B3-9366-392AB5BCD418}.Release|Any CPU.ActiveCfg = Release|Any CPU
		{D2F0FEF6-6F47-41B3-9366-392AB5BCD418}.Release|Any CPU.Build.0 = Release|Any CPU
		{BC68955B-9A5D-430B-A63E-79A4F82058E6}.Debug|Any CPU.ActiveCfg = Debug|Any CPU
		{BC68955B-9A5D-430B-A63E-79A4F82058E6}.Debug|Any CPU.Build.0 = Debug|Any CPU
		{BC68955B-9A5D-430B-A63E-79A4F82058E6}.Release|Any CPU.ActiveCfg = Release|Any CPU
		{BC68955B-9A5D-430B-A63E-79A4F82058E6}.Release|Any CPU.Build.0 = Release|Any CPU
		{83BE6561-3C52-459A-ABA1-DF7A76555DAD}.Debug|Any CPU.ActiveCfg = Debug|Any CPU
		{83BE6561-3C52-459A-ABA1-DF7A76555DAD}.Debug|Any CPU.Build.0 = Debug|Any CPU
		{83BE6561-3C52-459A-ABA1-DF7A76555DAD}.Release|Any CPU.ActiveCfg = Release|Any CPU
		{83BE6561-3C52-459A-ABA1-DF7A76555DAD}.Release|Any CPU.Build.0 = Release|Any CPU
	EndGlobalSection
	GlobalSection(SolutionProperties) = preSolution
		HideSolutionNode = FALSE
	EndGlobalSection
	GlobalSection(ExtensibilityGlobals) = postSolution
		SolutionGuid = {8F802436-09CD-4456-8D5D-8CD5483B5E2A}
	EndGlobalSection
EndGlobal
